# This file is automatically @generated by Cargo.
# It is not intended for manual editing.
version = 4

[[package]]
name = "emoji_test"
version = "0.1.0"
dependencies = [
 "text_to_emoji",
]

[[package]]
name = "text_to_emoji"
version = "0.1.0"
source = "registry+https://github.com/rust-lang/crates.io-index"
checksum = "875cccaf872d04d433698fb9235dc900fc2e1fc7f02a0973d3969bcd735967cd"
